Microsoft Visual Studio Solution File, Format Version 12.00
# Visual Studio Version 17
VisualStudioVersion = 17.5.2.0
MinimumVisualStudioVersion = 10.0.40219.1
Project("{FAE04EC0-301F-11D3-BF4B-00C04F79EFBC}") = "MyApp.Data", "MyApp.Data\MyApp.Data.csproj", "{C9359253-B974-54E8-ACC0-7735DF52EB80}"
EndProject
Global
	GlobalSection(SolutionConfigurationPlatforms) = preSolution
		Debug|Any CPU = Debug|Any CPU
		Release|Any CPU = Release|Any CPU
	EndGlobalSection
	GlobalSection(ProjectConfigurationPlatforms) = postSolution
		{C9359253-B974-54E8-ACC0-7735DF52EB80}.Debug|Any CPU.ActiveCfg = Debug|Any CPU
		{C9359253-B974-54E8-ACC0-7735DF52EB80}.Debug|Any CPU.Build.0 = Debug|Any CPU
		{C9359253-B974-54E8-ACC0-7735DF52EB80}.Release|Any CPU.ActiveCfg = Release|Any CPU
		{C9359253-B974-54E8-ACC0-7735DF52EB80}.Release|Any CPU.Build.0 = Release|Any CPU
	EndGlobalSection
	GlobalSection(SolutionProperties) = preSolution
		HideSolutionNode = FALSE
	EndGlobalSection
	GlobalSection(ExtensibilityGlobals) = postSolution
		SolutionGuid = {6D76DA68-F609-4E90-BE85-043C74459D5E}
	EndGlobalSection
EndGlobal
